// !$*UTF8*$!
{
	archiveVersion = 1;
	classes = {
	};
	objectVersion = 46;
	objects = {

/* Begin PBXBuildFile section */
		AC28F9451E43A4BB002E797E /* AppDelegate.swift in Sources */ = {isa = PBXBuildFile; fileRef = AC28F9441E43A4BB002E797E /* AppDelegate.swift */; };
		AC28F9471E43A4BB002E797E /* ViewController.swift in Sources */ = {isa = PBXBuildFile; fileRef = AC28F9461E43A4BB002E797E /* ViewController.swift */; };
		AC28F94A1E43A4BB002E797E /* Main.storyboard in Resources */ = {isa = PBXBuildFile; fileRef = AC28F9481E43A4BB002E797E /* Main.storyboard */; };
		AC28F94C1E43A4BB002E797E /* Assets.xcassets in Resources */ = {isa = PBXBuildFile; fileRef = AC28F94B1E43A4BB002E797E /* Assets.xcassets */; };
		AC28F94F1E43A4BB002E797E /* LaunchScreen.storyboard in Resources */ = {isa = PBXBuildFile; fileRef = AC28F94D1E43A4BB002E797E /* LaunchScreen.storyboard */; };
		AC28F9571E43AB1C002E797E /* BoardView.swift in Sources */ = {isa = PBXBuildFile; fileRef = AC28F9561E43AB1C002E797E /* BoardView.swift */; };
/* End PBXBuildFile section */

/* Begin PBXFileReference section */
		AC28F9411E43A4BB002E797E /* FifteenPuzzle.app */ = {isa = PBXFileReference; explicitFileType = wrapper.application; includeInIndex = 0; path = FifteenPuzzle.app; sourceTree = BUILT_PRODUCTS_DIR; };
		AC28F9441E43A4BB002E797E /* AppDelegate.swift */ = {isa = PBXFileReference; lastKnownFileType = sourcecode.swift; path = AppDelegate.swift; sourceTree = "<group>"; };
		AC28F9461E43A4BB002E797E /* ViewController.swift */ = {isa = PBXFileReference; lastKnownFileType = sourcecode.swift; path = ViewController.swift; sourceTree = "<group>"; };
		AC28F9491E43A4BB002E797E /* Base */ = {isa = PBXFileReference; lastKnownFileType = file.storyboard; name = Base; path = Base.lproj/Main.storyboard; sourceTree = "<group>"; };
		AC28F94B1E43A4BB002E797E /* Assets.xcassets */ = {isa = PBXFileReference; lastKnownFileType = folder.assetcatalog; path = Assets.xcassets; sourceTree = "<group>"; };
		AC28F94E1E43A4BB002E797E /* Base */ = {isa = PBXFileReference; lastKnownFileType = file.storyboard; name = Base; path = Base.lproj/LaunchScreen.storyboard; sourceTree = "<group>"; };
		AC28F9501E43A4BB002E797E /* Info.plist */ = {isa = PBXFileReference; lastKnownFileType = text.plist.xml; path = Info.plist; sourceTree = "<group>"; };
		AC28F9561E43AB1C002E797E /* BoardView.swift */ = {isa = PBXFileReference; fileEncoding = 4; lastKnownFileType = sourcecode.swift; path = BoardView.swift; sourceTree = "<group>"; };
/* End PBXFileReference section */

/* Begin PBXFrameworksBuildPhase section */
		AC28F93E1E43A4BB002E797E /* Frameworks */ = {
			isa = PBXFrameworksBuildPhase;
			buildActionMask = 2147483647;
			files = (
			);
			runOnlyForDeploymentPostprocessing = 0;
		};
/* End PBXFrameworksBuildPhase section */

/* Begin PBXGroup section */
		AC28F9381E43A4BB002E797E = {
			isa = PBXGroup;
			children = (
				AC28F9431E43A4BB002E797E /* FifteenPuzzle */,
				AC28F9421E43A4BB002E797E /* Products */,
			);
			sourceTree = "<group>";
		};
		AC28F9421E43A4BB002E797E /* Products */ = {
			isa = PBXGroup;
			children = (
				AC28F9411E43A4BB002E797E /* FifteenPuzzle.app */,
			);
			name = Products;
			sourceTree = "<group>";
		};
		AC28F9431E43A4BB002E797E /* FifteenPuzzle */ = {
			isa = PBXGroup;
			children = (
				AC28F9441E43A4BB002E797E /* AppDelegate.swift */,
				AC28F9461E43A4BB002E797E /* ViewController.swift */,
				AC28F9481E43A4BB002E797E /* Main.storyboard */,
				AC28F9561E43AB1C002E797E /* BoardView.swift */,
				AC28F94B1E43A4BB002E797E /* Assets.xcassets */,
				AC28F94D1E43A4BB002E797E /* LaunchScreen.storyboard */,
				AC28F9501E43A4BB002E797E /* Info.plist */,
			);
			path = FifteenPuzzle;
			sourceTree = "<group>";
		};
/* End PBXGroup section */

/* Begin PBXNativeTarget section */
		AC28F9401E43A4BB002E797E /* FifteenPuzzle */ = {
			isa = PBXNativeTarget;
			buildConfigurationList = AC28F9531E43A4BB002E797E /* Build configuration list for PBXNativeTarget "FifteenPuzzle" */;
			buildPhases = (
				AC28F93D1E43A4BB002E797E /* Sources */,
				AC28F93E1E43A4BB002E797E /* Frameworks */,
				AC28F93F1E43A4BB002E797E /* Resources */,
			);
			buildRules = (
			);
			dependencies = (
			);
			name = FifteenPuzzle;
			productName = PuzzleLayout;
			productReference = AC28F9411E43A4BB002E797E /* FifteenPuzzle.app */;
			productType = "com.apple.product-type.application";
		};
/* End PBXNativeTarget section */

/* Begin PBXProject section */
		AC28F9391E43A4BB002E797E /* Project object */ = {
			isa = PBXProject;
			attributes = {
				LastSwiftUpdateCheck = 0820;
				LastUpgradeCheck = 0820;
				ORGANIZATIONNAME = "Stephen Paul Brown";
				TargetAttributes = {
					AC28F9401E43A4BB002E797E = {
						CreatedOnToolsVersion = 8.2.1;
						ProvisioningStyle = Automatic;
					};
				};
			};
			buildConfigurationList = AC28F93C1E43A4BB002E797E /* Build configuration list for PBXProject "FifteenPuzzle" */;
			compatibilityVersion = "Xcode 3.2";
			developmentRegion = English;
			hasScannedForEncodings = 0;
			knownRegions = (
				en,
				Base,
			);
			mainGroup = AC28F9381E43A4BB002E797E;
			productRefGroup = AC28F9421E43A4BB002E797E /* Products */;
			projectDirPath = "";
			projectRoot = "";
			targets = (
				AC28F9401E43A4BB002E797E /* FifteenPuzzle */,
			);
		};
/* End PBXProject section */

/* Begin PBXResourcesBuildPhase section */
		AC28F93F1E43A4BB002E797E /* Resources */ = {
			isa = PBXResourcesBuildPhase;
			buildActionMask = 2147483647;
			files = (
				AC28F94F1E43A4BB002E797E /* LaunchScreen.storyboard in Resources */,
				AC28F94C1E43A4BB002E797E /* Assets.xcassets in Resources */,
				AC28F94A1E43A4BB002E797E /* Main.storyboard in Resources */,
			);
			runOnlyForDeploymentPostprocessing = 0;
		};
/* End PBXResourcesBuildPhase section */

/* Begin PBXSourcesBuildPhase section */
		AC28F93D1E43A4BB002E797E /* Sources */ = {
			isa = PBXSourcesBuildPhase;
			buildActionMask = 2147483647;
			files = (
				AC28F9571E43AB1C002E797E /* BoardView.swift in Sources */,
				AC28F9471E43A4BB002E797E /* ViewController.swift in Sources */,
				AC28F9451E43A4BB002E797E /* AppDelegate.swift in Sources */,
			);
			runOnlyForDeploymentPostprocessing = 0;
		};
/* End PBXSourcesBuildPhase section */

/* Begin PBXVariantGroup section */
		AC28F9481E43A4BB002E797E /* Main.storyboard */ = {
			isa = PBXVariantGroup;
			children = (
				AC28F9491E43A4BB002E797E /* Base */,
			);
			name = Main.storyboard;
			sourceTree = "<group>";
		};
		AC28F94D1E43A4BB002E797E /* LaunchScreen.storyboard */ = {
			isa = PBXVariantGroup;
			children = (
				AC28F94E1E43A4BB002E797E /* Base */,
			);
			name = LaunchScreen.storyboard;
			sourceTree = "<group>";
		};
/* End PBXVariantGroup section */

/* Begin XCBuildConfiguration section */
		AC28F9511E43A4BB002E797E /* Debug */ = {
			isa = XCBuildConfiguration;
			buildSettings = {
				ALWAYS_SEARCH_USER_PATHS = NO;
				CLANG_ANALYZER_NONNULL = YES;
				CLANG_CXX_LANGUAGE_STANDARD = "gnu++0x";
				CLANG_CXX_LIBRARY = "libc++";
				CLANG_ENABLE_MODULES = YES;
				CLANG_ENABLE_OBJC_ARC = YES;
				CLANG_WARN_BOOL_CONVERSION = YES;
				CLANG_WARN_CONSTANT_CONVERSION = YES;
				CLANG_WARN_DIRECT_OBJC_ISA_USAGE = YES_ERROR;
				CLANG_WARN_DOCUMENTATION_COMMENTS = YES;
				CLANG_WARN_EMPTY_BODY = YES;
				CLANG_WARN_ENUM_CONVERSION = YES;
				CLANG_WARN_INFINITE_RECURSION = YES;
				CLANG_WARN_INT_CONVERSION = YES;
				CLANG_WARN_OBJC_ROOT_CLASS = YES_ERROR;
				CLANG_WARN_SUSPICIOUS_MOVE = YES;
				CLANG_WARN_UNREACHABLE_CODE = YES;
				CLANG_WARN__DUPLICATE_METHOD_MATCH = YES;
				"CODE_SIGN_IDENTITY[sdk=iphoneos*]" = "iPhone Developer";
				COPY_PHASE_STRIP = NO;
				DEBUG_INFORMATION_FORMAT = dwarf;
				ENABLE_STRICT_OBJC_MSGSEND = YES;
				ENABLE_TESTABILITY = YES;
				GCC_C_LANGUAGE_STANDARD = gnu99;
				GCC_DYNAMIC_NO_PIC = NO;
				GCC_NO_COMMON_BLOCKS = YES;
				GCC_OPTIMIZATION_LEVEL = 0;
				GCC_PREPROCESSOR_DEFINITIONS = (
					"DEBUG=1",
					"$(inherited)",
				);
				GCC_WARN_64_TO_32_BIT_CONVERSION = YES;
				GCC_WARN_ABOUT_RETURN_TYPE = YES_ERROR;
				GCC_WARN_UNDECLARED_SELECTOR = YES;
				GCC_WARN_UNINITIALIZED_AUTOS = YES_AGGRESSIVE;
				GCC_WARN_UNUSED_FUNCTION = YES;
				GCC_WARN_UNUSED_VARIABLE = YES;
				IPHONEOS_DEPLOYMENT_TARGET = 10.2;
				MTL_ENABLE_DEBUG_INFO = YES;
				ONLY_ACTIVE_ARCH = YES;
				SDKROOT = iphoneos;
				SWIFT_ACTIVE_COMPILATION_CONDITIONS = DEBUG;
				SWIFT_OPTIMIZATION_LEVEL = "-Onone";
				TARGETED_DEVICE_FAMILY = "1,2";
			};
			name = Debug;
		};
		AC28F9521E43A4BB002E797E /* Release */ = {
			isa = XCBuildConfiguration;
			buildSettings = {
				ALWAYS_SEARCH_USER_PATHS = NO;
				CLANG_ANALYZER_NONNULL = YES;
				CLANG_CXX_LANGUAGE_STANDARD = "gnu++0x";
				CLANG_CXX_LIBRARY = "libc++";
				CLANG_ENABLE_MODULES = YES;
				CLANG_ENABLE_OBJC_ARC = YES;
				CLANG_WARN_BOOL_CONVERSION = YES;
				CLANG_WARN_CONSTANT_CONVERSION = YES;
				CLANG_WARN_DIRECT_OBJC_ISA_USAGE = YES_ERROR;
				CLANG_WARN_DOCUMENTATION_COMMENTS = YES;
				CLANG_WARN_EMPTY_BODY = YES;
				CLANG_WARN_ENUM_CONVERSION = YES;
				CLANG_WARN_INFINITE_RECURSION = YES;
				CLANG_WARN_INT_CONVERSION = YES;
				CLANG_WARN_OBJC_ROOT_CLASS = YES_ERROR;
				CLANG_WARN_SUSPICIOUS_MOVE = YES;
				CLANG_WARN_UNREACHABLE_CODE = YES;
				CLANG_WARN__DUPLICATE_METHOD_MATCH = YES;
				"CODE_SIGN_IDENTITY[sdk=iphoneos*]" = "iPhone Developer";
				COPY_PHASE_STRIP = NO;
				DEBUG_INFORMATION_FORMAT = "dwarf-with-dsym";
				ENABLE_NS_ASSERTIONS = NO;
				ENABLE_STRICT_OBJC_MSGSEND = YES;
				GCC_C_LANGUAGE_STANDARD = gnu99;
				GCC_NO_COMMON_BLOCKS = YES;
				GCC_WARN_64_TO_32_BIT_CONVERSION = YES;
				GCC_WARN_ABOUT_RETURN_TYPE = YES_ERROR;
				GCC_WARN_UNDECLARED_SELECTOR = YES;
				GCC_WARN_UNINITIALIZED_AUTOS = YES_AGGRESSIVE;
				GCC_WARN_UNUSED_FUNCTION = YES;
				GCC_WARN_UNUSED_VARIABLE = YES;
				IPHONEOS_DEPLOYMENT_TARGET = 10.2;
				MTL_ENABLE_DEBUG_INFO = NO;
				SDKROOT = iphoneos;
				SWIFT_OPTIMIZATION_LEVEL = "-Owholemodule";
				TARGETED_DEVICE_FAMILY = "1,2";
				VALIDATE_PRODUCT = YES;
			};
			name = Release;
		};
		AC28F9541E43A4BB002E797E /* Debug */ = {
			isa = XCBuildConfiguration;
			buildSettings = {
				ASSETCATALOG_COMPILER_APPICON_NAME = AppIcon;
				INFOPLIST_FILE = FifteenPuzzle/Info.plist;
				LD_RUNPATH_SEARCH_PATHS = "$(inherited) @executable_path/Frameworks";
				PRODUCT_BUNDLE_IDENTIFIER = edu.wsu.vancouver.FifteenPuzzle;
				PRODUCT_NAME = "$(TARGET_NAME)";
				SWIFT_VERSION = 3.0;
			};
			name = Debug;
		};
		AC28F9551E43A4BB002E797E /* Release */ = {
			isa = XCBuildConfiguration;
			buildSettings = {
				ASSETCATALOG_COMPILER_APPICON_NAME = AppIcon;
				INFOPLIST_FILE = FifteenPuzzle/Info.plist;
				LD_RUNPATH_SEARCH_PATHS = "$(inherited) @executable_path/Frameworks";
				PRODUCT_BUNDLE_IDENTIFIER = edu.wsu.vancouver.FifteenPuzzle;
				PRODUCT_NAME = "$(TARGET_NAME)";
				SWIFT_VERSION = 3.0;
			};
			name = Release;
		};
/* End XCBuildConfiguration section */

/* Begin XCConfigurationList section */
		AC28F93C1E43A4BB002E797E /* Build configuration list for PBXProject "FifteenPuzzle" */ = {
			isa = XCConfigurationList;
			buildConfigurations = (
				AC28F9511E43A4BB002E797E /* Debug */,
				AC28F9521E43A4BB002E797E /* Release */,
			);
			defaultConfigurationIsVisible = 0;
			defaultConfigurationName = Release;
		};
		AC28F9531E43A4BB002E797E /* Build configuration list for PBXNativeTarget "FifteenPuzzle" */ = {
			isa = XCConfigurationList;
			buildConfigurations = (
				AC28F9541E43A4BB002E797E /* Debug */,
				AC28F9551E43A4BB002E797E /* Release */,
			);
			defaultConfigurationIsVisible = 0;
			defaultConfigurationName = Release;
		};
/* End XCConfigurationList section */
	};
	rootObject = AC28F9391E43A4BB002E797E /* Project object */;
}
